
Microsoft Visual Studio Solution File, Format Version 12.00
# Visual Studio Version 16
VisualStudioVersion = 16.0.31702.278
MinimumVisualStudioVersion = 10.0.40219.1
Project("{FAE04EC0-301F-11D3-BF4B-00C04F79EFBC}") = "Opgave_1_Unit_Test", "Opgave_1_Unit_Test.csproj", "{5D6767A1-EDAF-4DB2-916B-4B4C44E4C05D}"
EndProject
Project("{FAE04EC0-301F-11D3-BF4B-00C04F79EFBC}") = "Opgave_1_Testing", "..\Opgave_1_Testing\Opgave_1_Testing.csproj", "{C3F0CF30-EA3D-4DD3-BBAE-7ADB738259CE}"
EndProject
Global
	GlobalSection(SolutionConfigurationPlatforms) = preSolution
		Debug|Any CPU = Debug|Any CPU
		Release|Any CPU = Release|Any CPU
	EndGlobalSection
	GlobalSection(ProjectConfigurationPlatforms) = postSolution
		{5D6767A1-EDAF-4DB2-916B-4B4C44E4C05D}.Debug|Any CPU.ActiveCfg = Debug|Any CPU
		{5D6767A1-EDAF-4DB2-916B-4B4C44E4C05D}.Debug|Any CPU.Build.0 = Debug|Any CPU
		{5D6767A1-EDAF-4DB2-916B-4B4C44E4C05D}.Release|Any CPU.ActiveCfg = Release|Any CPU
		{5D6767A1-EDAF-4DB2-916B-4B4C44E4C05D}.Release|Any CPU.Build.0 = Release|Any CPU
		{C3F0CF30-EA3D-4DD3-BBAE-7ADB738259CE}.Debug|Any CPU.ActiveCfg = Debug|Any CPU
		{C3F0CF30-EA3D-4DD3-BBAE-7ADB738259CE}.Debug|Any CPU.Build.0 = Debug|Any CPU
		{C3F0CF30-EA3D-4DD3-BBAE-7ADB738259CE}.Release|Any CPU.ActiveCfg = Release|Any CPU
		{C3F0CF30-EA3D-4DD3-BBAE-7ADB738259CE}.Release|Any CPU.Build.0 = Release|Any CPU
	EndGlobalSection
	GlobalSection(SolutionProperties) = preSolution
		HideSolutionNode = FALSE
	EndGlobalSection
	GlobalSection(ExtensibilityGlobals) = postSolution
		SolutionGuid = {D94A1B28-A4C0-46C6-A1C7-E5CFBC06B635}
	EndGlobalSection
EndGlobal
